
Microsoft Visual Studio Solution File, Format Version 12.00
# Visual Studio Version 16
VisualStudioVersion = 16.0.30907.101
MinimumVisualStudioVersion = 10.0.40219.1

Project("{2150E333-8FDC-42A3-9474-1A3956D46DE8}") = "Services", "Services", "{7B15952A-715B-4DD7-B2FE-019E86BB5238}"
EndProject
Project("{2150E333-8FDC-42A3-9474-1A3956D46DE8}") = "Catalog", "Catalog", "{C859E2CD-BF18-49C7-BB84-BE496ED29B77}"
EndProject
Project("{FAE04EC0-301F-11D3-BF4B-00C04F79EFBC}") = "Catalog.Core", "Services\Catalog\Catalog.Core\Catalog.Core.csproj", "{DF1AC45D-65A8-46A2-A31B-3B81072574D5}"
EndProject
Project("{FAE04EC0-301F-11D3-BF4B-00C04F79EFBC}") = "Catalog.Infrastructure", "Services\Catalog\Catalog.Infrastructure\Catalog.Infrastructure.csproj", "{ED033B5D-10F4-47CF-9395-E793FE0A67FE}"
EndProject
Project("{FAE04EC0-301F-11D3-BF4B-00C04F79EFBC}") = "Catalog.Application", "Services\Catalog\Catalog.Application\Catalog.Application.csproj", "{B0B90AD3-F470-4103-8FAD-332DE4360CA5}"
EndProject
Project("{FAE04EC0-301F-11D3-BF4B-00C04F79EFBC}") = "Catalog.API", "Services\Catalog\Catalog.API\Catalog.API.csproj", "{099A6A95-D5F3-405B-A33E-527183F8F53A}"
EndProject
Project("{E53339B2-1760-4266-BCC7-CA923CBCF16C}") = "docker-compose", "docker-compose.dcproj", "{A92412CF-0A07-452C-9DCF-EF3F436F8FA8}"
EndProject
Project("{2150E333-8FDC-42A3-9474-1A3956D46DE8}") = "Basket", "Basket", "{F397561B-0C54-4522-A34A-1D30748CD699}"
EndProject
Project("{FAE04EC0-301F-11D3-BF4B-00C04F79EFBC}") = "Basket.API", "Services\Basket\Basket.API\Basket.API.csproj", "{42941807-72E3-40F0-B075-8BD89FA6820C}"
EndProject
Project("{FAE04EC0-301F-11D3-BF4B-00C04F79EFBC}") = "Basket.Application", "Services\Basket\Basket.Application\Basket.Application.csproj", "{3FBD5268-9990-4904-9832-1107B1667F94}"
EndProject
Project("{FAE04EC0-301F-11D3-BF4B-00C04F79EFBC}") = "Basket.Core", "Services\Basket\Basket.Core\Basket.Core.csproj", "{E2CFB463-F9FA-4061-BF0D-84110A568B0C}"
EndProject
Project("{FAE04EC0-301F-11D3-BF4B-00C04F79EFBC}") = "Basket.Infrastructure", "Services\Basket\Basket.Infrastructure\Basket.Infrastructure.csproj", "{1547B615-0372-4F04-B8D8-24C0A797829D}"
EndProject
Project("{2150E333-8FDC-42A3-9474-1A3956D46DE8}") = "Discount", "Discount", "{48F1AD1C-699C-491E-B4DC-2FA917E4F808}"
EndProject
Project("{FAE04EC0-301F-11D3-BF4B-00C04F79EFBC}") = "Discount.API", "Services\Discount\Discount.API\Discount.API.csproj", "{89670EF1-759B-43F1-9475-CBD55BBAAC99}"
EndProject
Project("{FAE04EC0-301F-11D3-BF4B-00C04F79EFBC}") = "Discount.Application", "Services\Discount\Discount.Application\Discount.Application.csproj", "{398F701D-1B27-47E5-AE82-45997B009C46}"
EndProject
Project("{FAE04EC0-301F-11D3-BF4B-00C04F79EFBC}") = "Discount.Core", "Services\Discount\Discount.Core\Discount.Core.csproj", "{A58632D1-5669-421A-A7CB-ADC6D43595AE}"
EndProject
Project("{FAE04EC0-301F-11D3-BF4B-00C04F79EFBC}") = "Discount.Infrastructure", "Services\Discount\Discount.Infrastructure\Discount.Infrastructure.csproj", "{39646D96-54AB-4BF1-AD82-D17DE15F9E22}"
EndProject
Global
	GlobalSection(SolutionConfigurationPlatforms) = preSolution
		Debug|Any CPU = Debug|Any CPU
		Release|Any CPU = Release|Any CPU
	EndGlobalSection
	GlobalSection(NestedProjects) = preSolution
		
		{C859E2CD-BF18-49C7-BB84-BE496ED29B77} = {7B15952A-715B-4DD7-B2FE-019E86BB5238}
		{DF1AC45D-65A8-46A2-A31B-3B81072574D5} = {C859E2CD-BF18-49C7-BB84-BE496ED29B77}
		{ED033B5D-10F4-47CF-9395-E793FE0A67FE} = {C859E2CD-BF18-49C7-BB84-BE496ED29B77}
		{B0B90AD3-F470-4103-8FAD-332DE4360CA5} = {C859E2CD-BF18-49C7-BB84-BE496ED29B77}
		{099A6A95-D5F3-405B-A33E-527183F8F53A} = {C859E2CD-BF18-49C7-BB84-BE496ED29B77}
		{F397561B-0C54-4522-A34A-1D30748CD699} = {7B15952A-715B-4DD7-B2FE-019E86BB5238}
		{42941807-72E3-40F0-B075-8BD89FA6820C} = {F397561B-0C54-4522-A34A-1D30748CD699}
		{3FBD5268-9990-4904-9832-1107B1667F94} = {F397561B-0C54-4522-A34A-1D30748CD699}
		{E2CFB463-F9FA-4061-BF0D-84110A568B0C} = {F397561B-0C54-4522-A34A-1D30748CD699}
		{1547B615-0372-4F04-B8D8-24C0A797829D} = {F397561B-0C54-4522-A34A-1D30748CD699}
		{48F1AD1C-699C-491E-B4DC-2FA917E4F808} = {7B15952A-715B-4DD7-B2FE-019E86BB5238}
		{89670EF1-759B-43F1-9475-CBD55BBAAC99} = {48F1AD1C-699C-491E-B4DC-2FA917E4F808}
		{398F701D-1B27-47E5-AE82-45997B009C46} = {48F1AD1C-699C-491E-B4DC-2FA917E4F808}
		{A58632D1-5669-421A-A7CB-ADC6D43595AE} = {48F1AD1C-699C-491E-B4DC-2FA917E4F808}
		{39646D96-54AB-4BF1-AD82-D17DE15F9E22} = {48F1AD1C-699C-491E-B4DC-2FA917E4F808}
	EndGlobalSection
	GlobalSection(ProjectConfigurationPlatforms) = postSolution
		{DF1AC45D-65A8-46A2-A31B-3B81072574D5}.Debug|Any CPU.ActiveCfg = Debug|Any CPU
		{DF1AC45D-65A8-46A2-A31B-3B81072574D5}.Debug|Any CPU.Build.0 = Debug|Any CPU
		{DF1AC45D-65A8-46A2-A31B-3B81072574D5}.Release|Any CPU.ActiveCfg = Release|Any CPU
		{DF1AC45D-65A8-46A2-A31B-3B81072574D5}.Release|Any CPU.Build.0 = Release|Any CPU
		{ED033B5D-10F4-47CF-9395-E793FE0A67FE}.Debug|Any CPU.ActiveCfg = Debug|Any CPU
		{ED033B5D-10F4-47CF-9395-E793FE0A67FE}.Debug|Any CPU.Build.0 = Debug|Any CPU
		{ED033B5D-10F4-47CF-9395-E793FE0A67FE}.Release|Any CPU.ActiveCfg = Release|Any CPU
		{ED033B5D-10F4-47CF-9395-E793FE0A67FE}.Release|Any CPU.Build.0 = Release|Any CPU
		{B0B90AD3-F470-4103-8FAD-332DE4360CA5}.Debug|Any CPU.ActiveCfg = Debug|Any CPU
		{B0B90AD3-F470-4103-8FAD-332DE4360CA5}.Debug|Any CPU.Build.0 = Debug|Any CPU
		{B0B90AD3-F470-4103-8FAD-332DE4360CA5}.Release|Any CPU.ActiveCfg = Release|Any CPU
		{B0B90AD3-F470-4103-8FAD-332DE4360CA5}.Release|Any CPU.Build.0 = Release|Any CPU
		{099A6A95-D5F3-405B-A33E-527183F8F53A}.Debug|Any CPU.ActiveCfg = Debug|Any CPU
		{099A6A95-D5F3-405B-A33E-527183F8F53A}.Debug|Any CPU.Build.0 = Debug|Any CPU
		{099A6A95-D5F3-405B-A33E-527183F8F53A}.Release|Any CPU.ActiveCfg = Release|Any CPU
		{099A6A95-D5F3-405B-A33E-527183F8F53A}.Release|Any CPU.Build.0 = Release|Any CPU
		{42941807-72E3-40F0-B075-8BD89FA6820C}.Debug|Any CPU.ActiveCfg = Debug|Any CPU
		{42941807-72E3-40F0-B075-8BD89FA6820C}.Debug|Any CPU.Build.0 = Debug|Any CPU
		{42941807-72E3-40F0-B075-8BD89FA6820C}.Release|Any CPU.ActiveCfg = Release|Any CPU
		{42941807-72E3-40F0-B075-8BD89FA6820C}.Release|Any CPU.Build.0 = Release|Any CPU
		{3FBD5268-9990-4904-9832-1107B1667F94}.Debug|Any CPU.ActiveCfg = Debug|Any CPU
		{3FBD5268-9990-4904-9832-1107B1667F94}.Debug|Any CPU.Build.0 = Debug|Any CPU
		{3FBD5268-9990-4904-9832-1107B1667F94}.Release|Any CPU.ActiveCfg = Release|Any CPU
		{3FBD5268-9990-4904-9832-1107B1667F94}.Release|Any CPU.Build.0 = Release|Any CPU
		{E2CFB463-F9FA-4061-BF0D-84110A568B0C}.Debug|Any CPU.ActiveCfg = Debug|Any CPU
		{E2CFB463-F9FA-4061-BF0D-84110A568B0C}.Debug|Any CPU.Build.0 = Debug|Any CPU
		{E2CFB463-F9FA-4061-BF0D-84110A568B0C}.Release|Any CPU.ActiveCfg = Release|Any CPU
		{E2CFB463-F9FA-4061-BF0D-84110A568B0C}.Release|Any CPU.Build.0 = Release|Any CPU
		{1547B615-0372-4F04-B8D8-24C0A797829D}.Debug|Any CPU.ActiveCfg = Debug|Any CPU
		{1547B615-0372-4F04-B8D8-24C0A797829D}.Debug|Any CPU.Build.0 = Debug|Any CPU
		{1547B615-0372-4F04-B8D8-24C0A797829D}.Release|Any CPU.ActiveCfg = Release|Any CPU
		{1547B615-0372-4F04-B8D8-24C0A797829D}.Release|Any CPU.Build.0 = Release|Any CPU
		{89670EF1-759B-43F1-9475-CBD55BBAAC99}.Debug|Any CPU.ActiveCfg = Debug|Any CPU
		{89670EF1-759B-43F1-9475-CBD55BBAAC99}.Debug|Any CPU.Build.0 = Debug|Any CPU
		{89670EF1-759B-43F1-9475-CBD55BBAAC99}.Release|Any CPU.ActiveCfg = Release|Any CPU
		{89670EF1-759B-43F1-9475-CBD55BBAAC99}.Release|Any CPU.Build.0 = Release|Any CPU
		{398F701D-1B27-47E5-AE82-45997B009C46}.Debug|Any CPU.ActiveCfg = Debug|Any CPU
		{398F701D-1B27-47E5-AE82-45997B009C46}.Debug|Any CPU.Build.0 = Debug|Any CPU
		{398F701D-1B27-47E5-AE82-45997B009C46}.Release|Any CPU.ActiveCfg = Release|Any CPU
		{398F701D-1B27-47E5-AE82-45997B009C46}.Release|Any CPU.Build.0 = Release|Any CPU
		{A58632D1-5669-421A-A7CB-ADC6D43595AE}.Debug|Any CPU.ActiveCfg = Debug|Any CPU
		{A58632D1-5669-421A-A7CB-ADC6D43595AE}.Debug|Any CPU.Build.0 = Debug|Any CPU
		{A58632D1-5669-421A-A7CB-ADC6D43595AE}.Release|Any CPU.ActiveCfg = Release|Any CPU
		{A58632D1-5669-421A-A7CB-ADC6D43595AE}.Release|Any CPU.Build.0 = Release|Any CPU
		{39646D96-54AB-4BF1-AD82-D17DE15F9E22}.Debug|Any CPU.ActiveCfg = Debug|Any CPU
		{39646D96-54AB-4BF1-AD82-D17DE15F9E22}.Debug|Any CPU.Build.0 = Debug|Any CPU
		{39646D96-54AB-4BF1-AD82-D17DE15F9E22}.Release|Any CPU.ActiveCfg = Release|Any CPU
		{39646D96-54AB-4BF1-AD82-D17DE15F9E22}.Release|Any CPU.Build.0 = Release|Any CPU
	EndGlobalSection
EndGlobal
